
Microsoft Visual Studio Solution File, Format Version 12.00
# Visual Studio Version 17
VisualStudioVersion = 17.14.37411.7 d17.14
MinimumVisualStudioVersion = 10.0.40219.1
Project("{FAE04EC0-301F-11D3-BF4B-00C04F79EFBC}") = "MiniSuperMarket.API", "MiniSuperMarket.API\MiniSuperMarket.API.csproj", "{2C9337D5-4B13-4196-A7F6-C1570B56B6AF}"
EndProject
Project("{FAE04EC0-301F-11D3-BF4B-00C04F79EFBC}") = "MiniSuperMarket.WinForm", "MiniSuperMarket.WinForm\MiniSuperMarket.WinForm.csproj", "{2BD082FD-22F1-49C1-8924-CA5D8DEB4349}"
EndProject
Global
	GlobalSection(SolutionConfigurationPlatforms) = preSolution
		Debug|Any CPU = Debug|Any CPU
		Release|Any CPU = Release|Any CPU
	EndGlobalSection
	GlobalSection(ProjectConfigurationPlatforms) = postSolution
		{2C9337D5-4B13-4196-A7F6-C1570B56B6AF}.Debug|Any CPU.ActiveCfg = Debug|Any CPU
		{2C9337D5-4B13-4196-A7F6-C1570B56B6AF}.Debug|Any CPU.Build.0 = Debug|Any CPU
		{2C9337D5-4B13-4196-A7F6-C1570B56B6AF}.Release|Any CPU.ActiveCfg = Release|Any CPU
		{2C9337D5-4B13-4196-A7F6-C1570B56B6AF}.Release|Any CPU.Build.0 = Release|Any CPU
		{2BD082FD-22F1-49C1-8924-CA5D8DEB4349}.Debug|Any CPU.ActiveCfg = Debug|Any CPU
		{2BD082FD-22F1-49C1-8924-CA5D8DEB4349}.Debug|Any CPU.Build.0 = Debug|Any CPU
		{2BD082FD-22F1-49C1-8924-CA5D8DEB4349}.Release|Any CPU.ActiveCfg = Release|Any CPU
		{2BD082FD-22F1-49C1-8924-CA5D8DEB4349}.Release|Any CPU.Build.0 = Release|Any CPU
	EndGlobalSection
	GlobalSection(SolutionProperties) = preSolution
		HideSolutionNode = FALSE
	EndGlobalSection
	GlobalSection(ExtensibilityGlobals) = postSolution
		SolutionGuid = {DEC11FAC-57E1-4892-8689-0E4BBE1B1463}
	EndGlobalSection
EndGlobal
